
Microsoft Visual Studio Solution File, Format Version 12.00
# Visual Studio Version 17
VisualStudioVersion = 17.10.35004.147
MinimumVisualStudioVersion = 10.0.40219.1
Project("{FAE04EC0-301F-11D3-BF4B-00C04F79EFBC}") = "PROG7312_MunicipalServiceApp", "PROG7312_MunicipalServiceApp.csproj", "{13B91FCD-B501-4F46-9903-8805888DF97D}"
EndProject
Global
	GlobalSection(SolutionConfigurationPlatforms) = preSolution
		Debug|Any CPU = Debug|Any CPU
		Release|Any CPU = Release|Any CPU
	EndGlobalSection
	GlobalSection(ProjectConfigurationPlatforms) = postSolution
		{13B91FCD-B501-4F46-9903-8805888DF97D}.Debug|Any CPU.ActiveCfg = Debug|Any CPU
		{13B91FCD-B501-4F46-9903-8805888DF97D}.Debug|Any CPU.Build.0 = Debug|Any CPU
		{13B91FCD-B501-4F46-9903-8805888DF97D}.Release|Any CPU.ActiveCfg = Release|Any CPU
		{13B91FCD-B501-4F46-9903-8805888DF97D}.Release|Any CPU.Build.0 = Release|Any CPU
	EndGlobalSection
	GlobalSection(SolutionProperties) = preSolution
		HideSolutionNode = FALSE
	EndGlobalSection
	GlobalSection(ExtensibilityGlobals) = postSolution
		SolutionGuid = {EC010EF1-07D9-4A15-8036-3BFF1566DC63}
	EndGlobalSection
EndGlobal
